// !$*UTF8*$!
{
	archiveVersion = 1;
	classes = {
	};
	objectVersion = 56;
	objects = {

/* Begin PBXBuildFile section */
		CD238038285A3C2500A036C8 /* DocCSampleApp.swift in Sources */ = {isa = PBXBuildFile; fileRef = CD238037285A3C2500A036C8 /* DocCSampleApp.swift */; };
		CD23803A285A3C2500A036C8 /* ContentView.swift in Sources */ = {isa = PBXBuildFile; fileRef = CD238039285A3C2500A036C8 /* ContentView.swift */; };
		CD23803C285A3C2600A036C8 /* Assets.xcassets in Resources */ = {isa = PBXBuildFile; fileRef = CD23803B285A3C2600A036C8 /* Assets.xcassets */; };
		CD23803F285A3C2600A036C8 /* Preview Assets.xcassets in Resources */ = {isa = PBXBuildFile; fileRef = CD23803E285A3C2600A036C8 /* Preview Assets.xcassets */; };
		CD238049285A3C2600A036C8 /* DocCSampleTests.swift in Sources */ = {isa = PBXBuildFile; fileRef = CD238048285A3C2600A036C8 /* DocCSampleTests.swift */; };
		CD238053285A3C2600A036C8 /* DocCSampleUITests.swift in Sources */ = {isa = PBXBuildFile; fileRef = CD238052285A3C2600A036C8 /* DocCSampleUITests.swift */; };
		CD238055285A3C2600A036C8 /* DocCSampleUITestsLaunchTests.swift in Sources */ = {isa = PBXBuildFile; fileRef = CD238054285A3C2600A036C8 /* DocCSampleUITestsLaunchTests.swift */; };
/* End PBXBuildFile section */

/* Begin PBXContainerItemProxy section */
		CD238045285A3C2600A036C8 /* PBXContainerItemProxy */ = {
			isa = PBXContainerItemProxy;
			containerPortal = CD23802C285A3C2500A036C8 /* Project object */;
			proxyType = 1;
			remoteGlobalIDString = CD238033285A3C2500A036C8;
			remoteInfo = DocCSample;
		};
		CD23804F285A3C2600A036C8 /* PBXContainerItemProxy */ = {
			isa = PBXContainerItemProxy;
			containerPortal = CD23802C285A3C2500A036C8 /* Project object */;
			proxyType = 1;
			remoteGlobalIDString = CD238033285A3C2500A036C8;
			remoteInfo = DocCSample;
		};
/* End PBXContainerItemProxy section */

/* Begin PBXFileReference section */
		CD238034285A3C2500A036C8 /* DocCSample.app */ = {isa = PBXFileReference; explicitFileType = wrapper.application; includeInIndex = 0; path = DocCSample.app; sourceTree = BUILT_PRODUCTS_DIR; };
		CD238037285A3C2500A036C8 /* DocCSampleApp.swift */ = {isa = PBXFileReference; lastKnownFileType = sourcecode.swift; path = DocCSampleApp.swift; sourceTree = "<group>"; };
		CD238039285A3C2500A036C8 /* ContentView.swift */ = {isa = PBXFileReference; lastKnownFileType = sourcecode.swift; path = ContentView.swift; sourceTree = "<group>"; };
		CD23803B285A3C2600A036C8 /* Assets.xcassets */ = {isa = PBXFileReference; lastKnownFileType = folder.assetcatalog; path = Assets.xcassets; sourceTree = "<group>"; };
		CD23803E285A3C2600A036C8 /* Preview Assets.xcassets */ = {isa = PBXFileReference; lastKnownFileType = folder.assetcatalog; path = "Preview Assets.xcassets"; sourceTree = "<group>"; };
		CD238044285A3C2600A036C8 /* DocCSampleTests.xctest */ = {isa = PBXFileReference; explicitFileType = wrapper.cfbundle; includeInIndex = 0; path = DocCSampleTests.xctest; sourceTree = BUILT_PRODUCTS_DIR; };
		CD238048285A3C2600A036C8 /* DocCSampleTests.swift */ = {isa = PBXFileReference; lastKnownFileType = sourcecode.swift; path = DocCSampleTests.swift; sourceTree = "<group>"; };
		CD23804E285A3C2600A036C8 /* DocCSampleUITests.xctest */ = {isa = PBXFileReference; explicitFileType = wrapper.cfbundle; includeInIndex = 0; path = DocCSampleUITests.xctest; sourceTree = BUILT_PRODUCTS_DIR; };
		CD238052285A3C2600A036C8 /* DocCSampleUITests.swift */ = {isa = PBXFileReference; lastKnownFileType = sourcecode.swift; path = DocCSampleUITests.swift; sourceTree = "<group>"; };
		CD238054285A3C2600A036C8 /* DocCSampleUITestsLaunchTests.swift */ = {isa = PBXFileReference; lastKnownFileType = sourcecode.swift; path = DocCSampleUITestsLaunchTests.swift; sourceTree = "<group>"; };
/* End PBXFileReference section */

/* Begin PBXFrameworksBuildPhase section */
		CD238031285A3C2500A036C8 /* Frameworks */ = {
			isa = PBXFrameworksBuildPhase;
			buildActionMask = 2147483647;
			files = (
			);
			runOnlyForDeploymentPostprocessing = 0;
		};
		CD238041285A3C2600A036C8 /* Frameworks */ = {
			isa = PBXFrameworksBuildPhase;
			buildActionMask = 2147483647;
			files = (
			);
			runOnlyForDeploymentPostprocessing = 0;
		};
		CD23804B285A3C2600A036C8 /* Frameworks */ = {
			isa = PBXFrameworksBuildPhase;
			buildActionMask = 2147483647;
			files = (
			);
			runOnlyForDeploymentPostprocessing = 0;
		};
/* End PBXFrameworksBuildPhase section */

/* Begin PBXGroup section */
		CD23802B285A3C2500A036C8 = {
			isa = PBXGroup;
			children = (
				CD238036285A3C2500A036C8 /* DocCSample */,
				CD238047285A3C2600A036C8 /* DocCSampleTests */,
				CD238051285A3C2600A036C8 /* DocCSampleUITests */,
				CD238035285A3C2500A036C8 /* Products */,
			);
			sourceTree = "<group>";
		};
		CD238035285A3C2500A036C8 /* Products */ = {
			isa = PBXGroup;
			children = (
				CD238034285A3C2500A036C8 /* DocCSample.app */,
				CD238044285A3C2600A036C8 /* DocCSampleTests.xctest */,
				CD23804E285A3C2600A036C8 /* DocCSampleUITests.xctest */,
			);
			name = Products;
			sourceTree = "<group>";
		};
		CD238036285A3C2500A036C8 /* DocCSample */ = {
			isa = PBXGroup;
			children = (
				CD238037285A3C2500A036C8 /* DocCSampleApp.swift */,
				CD238039285A3C2500A036C8 /* ContentView.swift */,
				CD23803B285A3C2600A036C8 /* Assets.xcassets */,
				CD23803D285A3C2600A036C8 /* Preview Content */,
			);
			path = DocCSample;
			sourceTree = "<group>";
		};
		CD23803D285A3C2600A036C8 /* Preview Content */ = {
			isa = PBXGroup;
			children = (
				CD23803E285A3C2600A036C8 /* Preview Assets.xcassets */,
			);
			path = "Preview Content";
			sourceTree = "<group>";
		};
		CD238047285A3C2600A036C8 /* DocCSampleTests */ = {
			isa = PBXGroup;
			children = (
				CD238048285A3C2600A036C8 /* DocCSampleTests.swift */,
			);
			path = DocCSampleTests;
			sourceTree = "<group>";
		};
		CD238051285A3C2600A036C8 /* DocCSampleUITests */ = {
			isa = PBXGroup;
			children = (
				CD238052285A3C2600A036C8 /* DocCSampleUITests.swift */,
				CD238054285A3C2600A036C8 /* DocCSampleUITestsLaunchTests.swift */,
			);
			path = DocCSampleUITests;
			sourceTree = "<group>";
		};
/* End PBXGroup section */

/* Begin PBXNativeTarget section */
		CD238033285A3C2500A036C8 /* DocCSample */ = {
			isa = PBXNativeTarget;
			buildConfigurationList = CD238058285A3C2600A036C8 /* Build configuration list for PBXNativeTarget "DocCSample" */;
			buildPhases = (
				CD238030285A3C2500A036C8 /* Sources */,
				CD238031285A3C2500A036C8 /* Frameworks */,
				CD238032285A3C2500A036C8 /* Resources */,
			);
			buildRules = (
			);
			dependencies = (
			);
			name = DocCSample;
			productName = DocCSample;
			productReference = CD238034285A3C2500A036C8 /* DocCSample.app */;
			productType = "com.apple.product-type.application";
		};
		CD238043285A3C2600A036C8 /* DocCSampleTests */ = {
			isa = PBXNativeTarget;
			buildConfigurationList = CD23805B285A3C2600A036C8 /* Build configuration list for PBXNativeTarget "DocCSampleTests" */;
			buildPhases = (
				CD238040285A3C2600A036C8 /* Sources */,
				CD238041285A3C2600A036C8 /* Frameworks */,
				CD238042285A3C2600A036C8 /* Resources */,
			);
			buildRules = (
			);
			dependencies = (
				CD238046285A3C2600A036C8 /* PBXTargetDependency */,
			);
			name = DocCSampleTests;
			productName = DocCSampleTests;
			productReference = CD238044285A3C2600A036C8 /* DocCSampleTests.xctest */;
			productType = "com.apple.product-type.bundle.unit-test";
		};
		CD23804D285A3C2600A036C8 /* DocCSampleUITests */ = {
			isa = PBXNativeTarget;
			buildConfigurationList = CD23805E285A3C2600A036C8 /* Build configuration list for PBXNativeTarget "DocCSampleUITests" */;
			buildPhases = (
				CD23804A285A3C2600A036C8 /* Sources */,
				CD23804B285A3C2600A036C8 /* Frameworks */,
				CD23804C285A3C2600A036C8 /* Resources */,
			);
			buildRules = (
			);
			dependencies = (
				CD238050285A3C2600A036C8 /* PBXTargetDependency */,
			);
			name = DocCSampleUITests;
			productName = DocCSampleUITests;
			productReference = CD23804E285A3C2600A036C8 /* DocCSampleUITests.xctest */;
			productType = "com.apple.product-type.bundle.ui-testing";
		};
/* End PBXNativeTarget section */

/* Begin PBXProject section */
		CD23802C285A3C2500A036C8 /* Project object */ = {
			isa = PBXProject;
			attributes = {
				BuildIndependentTargetsInParallel = 1;
				LastSwiftUpdateCheck = 1400;
				LastUpgradeCheck = 1400;
				TargetAttributes = {
					CD238033285A3C2500A036C8 = {
						CreatedOnToolsVersion = 14.0;
					};
					CD238043285A3C2600A036C8 = {
						CreatedOnToolsVersion = 14.0;
						TestTargetID = CD238033285A3C2500A036C8;
					};
					CD23804D285A3C2600A036C8 = {
						CreatedOnToolsVersion = 14.0;
						TestTargetID = CD238033285A3C2500A036C8;
					};
				};
			};
			buildConfigurationList = CD23802F285A3C2500A036C8 /* Build configuration list for PBXProject "DocCSample" */;
			compatibilityVersion = "Xcode 14.0";
			developmentRegion = en;
			hasScannedForEncodings = 0;
			knownRegions = (
				en,
				Base,
			);
			mainGroup = CD23802B285A3C2500A036C8;
			productRefGroup = CD238035285A3C2500A036C8 /* Products */;
			projectDirPath = "";
			projectRoot = "";
			targets = (
				CD238033285A3C2500A036C8 /* DocCSample */,
				CD238043285A3C2600A036C8 /* DocCSampleTests */,
				CD23804D285A3C2600A036C8 /* DocCSampleUITests */,
			);
		};
/* End PBXProject section */

/* Begin PBXResourcesBuildPhase section */
		CD238032285A3C2500A036C8 /* Resources */ = {
			isa = PBXResourcesBuildPhase;
			buildActionMask = 2147483647;
			files = (
				CD23803F285A3C2600A036C8 /* Preview Assets.xcassets in Resources */,
				CD23803C285A3C2600A036C8 /* Assets.xcassets in Resources */,
			);
			runOnlyForDeploymentPostprocessing = 0;
		};
		CD238042285A3C2600A036C8 /* Resources */ = {
			isa = PBXResourcesBuildPhase;
			buildActionMask = 2147483647;
			files = (
			);
			runOnlyForDeploymentPostprocessing = 0;
		};
		CD23804C285A3C2600A036C8 /* Resources */ = {
			isa = PBXResourcesBuildPhase;
			buildActionMask = 2147483647;
			files = (
			);
			runOnlyForDeploymentPostprocessing = 0;
		};
/* End PBXResourcesBuildPhase section */

/* Begin PBXSourcesBuildPhase section */
		CD238030285A3C2500A036C8 /* Sources */ = {
			isa = PBXSourcesBuildPhase;
			buildActionMask = 2147483647;
			files = (
				CD23803A285A3C2500A036C8 /* ContentView.swift in Sources */,
				CD238038285A3C2500A036C8 /* DocCSampleApp.swift in Sources */,
			);
			runOnlyForDeploymentPostprocessing = 0;
		};
		CD238040285A3C2600A036C8 /* Sources */ = {
			isa = PBXSourcesBuildPhase;
			buildActionMask = 2147483647;
			files = (
				CD238049285A3C2600A036C8 /* DocCSampleTests.swift in Sources */,
			);
			runOnlyForDeploymentPostprocessing = 0;
		};
		CD23804A285A3C2600A036C8 /* Sources */ = {
			isa = PBXSourcesBuildPhase;
			buildActionMask = 2147483647;
			files = (
				CD238053285A3C2600A036C8 /* DocCSampleUITests.swift in Sources */,
				CD238055285A3C2600A036C8 /* DocCSampleUITestsLaunchTests.swift in Sources */,
			);
			runOnlyForDeploymentPostprocessing = 0;
		};
/* End PBXSourcesBuildPhase section */

/* Begin PBXTargetDependency section */
		CD238046285A3C2600A036C8 /* PBXTargetDependency */ = {
			isa = PBXTargetDependency;
			target = CD238033285A3C2500A036C8 /* DocCSample */;
			targetProxy = CD238045285A3C2600A036C8 /* PBXContainerItemProxy */;
		};
		CD238050285A3C2600A036C8 /* PBXTargetDependency */ = {
			isa = PBXTargetDependency;
			target = CD238033285A3C2500A036C8 /* DocCSample */;
			targetProxy = CD23804F285A3C2600A036C8 /* PBXContainerItemProxy */;
		};
/* End PBXTargetDependency section */

/* Begin XCBuildConfiguration section */
		CD238056285A3C2600A036C8 /* Debug */ = {
			isa = XCBuildConfiguration;
			buildSettings = {
				ALWAYS_SEARCH_USER_PATHS = NO;
				CLANG_ANALYZER_NONNULL = YES;
				CLANG_ANALYZER_NUMBER_OBJECT_CONVERSION = YES_AGGRESSIVE;
				CLANG_CXX_LANGUAGE_STANDARD = "gnu++17";
				CLANG_ENABLE_MODULES = YES;
				CLANG_ENABLE_OBJC_ARC = YES;
				CLANG_ENABLE_OBJC_WEAK = YES;
				CLANG_WARN_BLOCK_CAPTURE_AUTORELEASING = YES;
				CLANG_WARN_BOOL_CONVERSION = YES;
				CLANG_WARN_COMMA = YES;
				CLANG_WARN_CONSTANT_CONVERSION = YES;
				CLANG_WARN_DEPRECATED_OBJC_IMPLEMENTATIONS = YES;
				CLANG_WARN_DIRECT_OBJC_ISA_USAGE = YES_ERROR;
				CLANG_WARN_DOCUMENTATION_COMMENTS = YES;
				CLANG_WARN_EMPTY_BODY = YES;
				CLANG_WARN_ENUM_CONVERSION = YES;
				CLANG_WARN_INFINITE_RECURSION = YES;
				CLANG_WARN_INT_CONVERSION = YES;
				CLANG_WARN_NON_LITERAL_NULL_CONVERSION = YES;
				CLANG_WARN_OBJC_IMPLICIT_RETAIN_SELF = YES;
				CLANG_WARN_OBJC_LITERAL_CONVERSION = YES;
				CLANG_WARN_OBJC_ROOT_CLASS = YES_ERROR;
				CLANG_WARN_QUOTED_INCLUDE_IN_FRAMEWORK_HEADER = YES;
				CLANG_WARN_RANGE_LOOP_ANALYSIS = YES;
				CLANG_WARN_STRICT_PROTOTYPES = YES;
				CLANG_WARN_SUSPICIOUS_MOVE = YES;
				CLANG_WARN_UNGUARDED_AVAILABILITY = YES_AGGRESSIVE;
				CLANG_WARN_UNREACHABLE_CODE = YES;
				CLANG_WARN__DUPLICATE_METHOD_MATCH = YES;
				COPY_PHASE_STRIP = NO;
				DEBUG_INFORMATION_FORMAT = dwarf;
				ENABLE_STRICT_OBJC_MSGSEND = YES;
				ENABLE_TESTABILITY = YES;
				GCC_C_LANGUAGE_STANDARD = gnu11;
				GCC_DYNAMIC_NO_PIC = NO;
				GCC_NO_COMMON_BLOCKS = YES;
				GCC_OPTIMIZATION_LEVEL = 0;
				GCC_PREPROCESSOR_DEFINITIONS = (
					"DEBUG=1",
					"$(inherited)",
				);
				GCC_WARN_64_TO_32_BIT_CONVERSION = YES;
				GCC_WARN_ABOUT_RETURN_TYPE = YES_ERROR;
				GCC_WARN_UNDECLARED_SELECTOR = YES;
				GCC_WARN_UNINITIALIZED_AUTOS = YES_AGGRESSIVE;
				GCC_WARN_UNUSED_FUNCTION = YES;
				GCC_WARN_UNUSED_VARIABLE = YES;
				IPHONEOS_DEPLOYMENT_TARGET = 16.0;
				MTL_ENABLE_DEBUG_INFO = INCLUDE_SOURCE;
				MTL_FAST_MATH = YES;
				ONLY_ACTIVE_ARCH = YES;
				SDKROOT = iphoneos;
				SWIFT_ACTIVE_COMPILATION_CONDITIONS = DEBUG;
				SWIFT_OPTIMIZATION_LEVEL = "-Onone";
			};
			name = Debug;
		};
		CD238057285A3C2600A036C8 /* Release */ = {
			isa = XCBuildConfiguration;
			buildSettings = {
				ALWAYS_SEARCH_USER_PATHS = NO;
				CLANG_ANALYZER_NONNULL = YES;
				CLANG_ANALYZER_NUMBER_OBJECT_CONVERSION = YES_AGGRESSIVE;
				CLANG_CXX_LANGUAGE_STANDARD = "gnu++17";
				CLANG_ENABLE_MODULES = YES;
				CLANG_ENABLE_OBJC_ARC = YES;
				CLANG_ENABLE_OBJC_WEAK = YES;
				CLANG_WARN_BLOCK_CAPTURE_AUTORELEASING = YES;
				CLANG_WARN_BOOL_CONVERSION = YES;
				CLANG_WARN_COMMA = YES;
				CLANG_WARN_CONSTANT_CONVERSION = YES;
				CLANG_WARN_DEPRECATED_OBJC_IMPLEMENTATIONS = YES;
				CLANG_WARN_DIRECT_OBJC_ISA_USAGE = YES_ERROR;
				CLANG_WARN_DOCUMENTATION_COMMENTS = YES;
				CLANG_WARN_EMPTY_BODY = YES;
				CLANG_WARN_ENUM_CONVERSION = YES;
				CLANG_WARN_INFINITE_RECURSION = YES;
				CLANG_WARN_INT_CONVERSION = YES;
				CLANG_WARN_NON_LITERAL_NULL_CONVERSION = YES;
				CLANG_WARN_OBJC_IMPLICIT_RETAIN_SELF = YES;
				CLANG_WARN_OBJC_LITERAL_CONVERSION = YES;
				CLANG_WARN_OBJC_ROOT_CLASS = YES_ERROR;
				CLANG_WARN_QUOTED_INCLUDE_IN_FRAMEWORK_HEADER = YES;
				CLANG_WARN_RANGE_LOOP_ANALYSIS = YES;
				CLANG_WARN_STRICT_PROTOTYPES = YES;
				CLANG_WARN_SUSPICIOUS_MOVE = YES;
				CLANG_WARN_UNGUARDED_AVAILABILITY = YES_AGGRESSIVE;
				CLANG_WARN_UNREACHABLE_CODE = YES;
				CLANG_WARN__DUPLICATE_METHOD_MATCH = YES;
				COPY_PHASE_STRIP = NO;
				DEBUG_INFORMATION_FORMAT = "dwarf-with-dsym";
				ENABLE_NS_ASSERTIONS = NO;
				ENABLE_STRICT_OBJC_MSGSEND = YES;
				GCC_C_LANGUAGE_STANDARD = gnu11;
				GCC_NO_COMMON_BLOCKS = YES;
				GCC_WARN_64_TO_32_BIT_CONVERSION = YES;
				GCC_WARN_ABOUT_RETURN_TYPE = YES_ERROR;
				GCC_WARN_UNDECLARED_SELECTOR = YES;
				GCC_WARN_UNINITIALIZED_AUTOS = YES_AGGRESSIVE;
				GCC_WARN_UNUSED_FUNCTION = YES;
				GCC_WARN_UNUSED_VARIABLE = YES;
				IPHONEOS_DEPLOYMENT_TARGET = 16.0;
				MTL_ENABLE_DEBUG_INFO = NO;
				MTL_FAST_MATH = YES;
				SDKROOT = iphoneos;
				SWIFT_COMPILATION_MODE = wholemodule;
				SWIFT_OPTIMIZATION_LEVEL = "-O";
				VALIDATE_PRODUCT = YES;
			};
			name = Release;
		};
		CD238059285A3C2600A036C8 /* Debug */ = {
			isa = XCBuildConfiguration;
			buildSettings = {
				ASSETCATALOG_COMPILER_APPICON_NAME = AppIcon;
				ASSETCATALOG_COMPILER_GLOBAL_ACCENT_COLOR_NAME = AccentColor;
				CODE_SIGN_STYLE = Automatic;
				CURRENT_PROJECT_VERSION = 1;
				DEVELOPMENT_ASSET_PATHS = "\"DocCSample/Preview Content\"";
				DEVELOPMENT_TEAM = TWQ94X5BQ4;
				DOCC_HOSTING_BASE_PATH = DocCSample;
				ENABLE_PREVIEWS = YES;
				GENERATE_INFOPLIST_FILE = YES;
				INFOPLIST_KEY_UIApplicationSceneManifest_Generation = YES;
				INFOPLIST_KEY_UIApplicationSupportsIndirectInputEvents = YES;
				INFOPLIST_KEY_UILaunchScreen_Generation = YES;
				INFOPLIST_KEY_UISupportedInterfaceOrientations_iPad = "UIInterfaceOrientationPortrait UIInterfaceOrientationPortraitUpsideDown UIInterfaceOrientationLandscapeLeft UIInterfaceOrientationLandscapeRight";
				INFOPLIST_KEY_UISupportedInterfaceOrientations_iPhone = "UIInterfaceOrientationPortrait UIInterfaceOrientationLandscapeLeft UIInterfaceOrientationLandscapeRight";
				LD_RUNPATH_SEARCH_PATHS = (
					"$(inherited)",
					"@executable_path/Frameworks",
				);
				MARKETING_VERSION = 1.0;
				PRODUCT_BUNDLE_IDENTIFIER = in.taket.DocCSample;
				PRODUCT_NAME = "$(TARGET_NAME)";
				SWIFT_EMIT_LOC_STRINGS = YES;
				SWIFT_VERSION = 5.0;
				TARGETED_DEVICE_FAMILY = "1,2";
			};
			name = Debug;
		};
		CD23805A285A3C2600A036C8 /* Release */ = {
			isa = XCBuildConfiguration;
			buildSettings = {
				ASSETCATALOG_COMPILER_APPICON_NAME = AppIcon;
				ASSETCATALOG_COMPILER_GLOBAL_ACCENT_COLOR_NAME = AccentColor;
				CODE_SIGN_STYLE = Automatic;
				CURRENT_PROJECT_VERSION = 1;
				DEVELOPMENT_ASSET_PATHS = "\"DocCSample/Preview Content\"";
				DEVELOPMENT_TEAM = TWQ94X5BQ4;
				DOCC_HOSTING_BASE_PATH = DocCSample;
				ENABLE_PREVIEWS = YES;
				GENERATE_INFOPLIST_FILE = YES;
				INFOPLIST_KEY_UIApplicationSceneManifest_Generation = YES;
				INFOPLIST_KEY_UIApplicationSupportsIndirectInputEvents = YES;
				INFOPLIST_KEY_UILaunchScreen_Generation = YES;
				INFOPLIST_KEY_UISupportedInterfaceOrientations_iPad = "UIInterfaceOrientationPortrait UIInterfaceOrientationPortraitUpsideDown UIInterfaceOrientationLandscapeLeft UIInterfaceOrientationLandscapeRight";
				INFOPLIST_KEY_UISupportedInterfaceOrientations_iPhone = "UIInterfaceOrientationPortrait UIInterfaceOrientationLandscapeLeft UIInterfaceOrientationLandscapeRight";
				LD_RUNPATH_SEARCH_PATHS = (
					"$(inherited)",
					"@executable_path/Frameworks",
				);
				MARKETING_VERSION = 1.0;
				PRODUCT_BUNDLE_IDENTIFIER = in.taket.DocCSample;
				PRODUCT_NAME = "$(TARGET_NAME)";
				SWIFT_EMIT_LOC_STRINGS = YES;
				SWIFT_VERSION = 5.0;
				TARGETED_DEVICE_FAMILY = "1,2";
			};
			name = Release;
		};
		CD23805C285A3C2600A036C8 /* Debug */ = {
			isa = XCBuildConfiguration;
			buildSettings = {
				ALWAYS_EMBED_SWIFT_STANDARD_LIBRARIES = YES;
				BUNDLE_LOADER = "$(TEST_HOST)";
				CODE_SIGN_STYLE = Automatic;
				CURRENT_PROJECT_VERSION = 1;
				DEVELOPMENT_TEAM = TWQ94X5BQ4;
				GENERATE_INFOPLIST_FILE = YES;
				IPHONEOS_DEPLOYMENT_TARGET = 16.0;
				MARKETING_VERSION = 1.0;
				PRODUCT_BUNDLE_IDENTIFIER = in.taket.DocCSampleTests;
				PRODUCT_NAME = "$(TARGET_NAME)";
				SWIFT_EMIT_LOC_STRINGS = NO;
				SWIFT_VERSION = 5.0;
				TARGETED_DEVICE_FAMILY = "1,2";
				TEST_HOST = "$(BUILT_PRODUCTS_DIR)/DocCSample.app/$(BUNDLE_EXECUTABLE_FOLDER_PATH)/DocCSample";
			};
			name = Debug;
		};
		CD23805D285A3C2600A036C8 /* Release */ = {
			isa = XCBuildConfiguration;
			buildSettings = {
				ALWAYS_EMBED_SWIFT_STANDARD_LIBRARIES = YES;
				BUNDLE_LOADER = "$(TEST_HOST)";
				CODE_SIGN_STYLE = Automatic;
				CURRENT_PROJECT_VERSION = 1;
				DEVELOPMENT_TEAM = TWQ94X5BQ4;
				GENERATE_INFOPLIST_FILE = YES;
				IPHONEOS_DEPLOYMENT_TARGET = 16.0;
				MARKETING_VERSION = 1.0;
				PRODUCT_BUNDLE_IDENTIFIER = in.taket.DocCSampleTests;
				PRODUCT_NAME = "$(TARGET_NAME)";
				SWIFT_EMIT_LOC_STRINGS = NO;
				SWIFT_VERSION = 5.0;
				TARGETED_DEVICE_FAMILY = "1,2";
				TEST_HOST = "$(BUILT_PRODUCTS_DIR)/DocCSample.app/$(BUNDLE_EXECUTABLE_FOLDER_PATH)/DocCSample";
			};
			name = Release;
		};
		CD23805F285A3C2600A036C8 /* Debug */ = {
			isa = XCBuildConfiguration;
			buildSettings = {
				ALWAYS_EMBED_SWIFT_STANDARD_LIBRARIES = YES;
				CODE_SIGN_STYLE = Automatic;
				CURRENT_PROJECT_VERSION = 1;
				DEVELOPMENT_TEAM = TWQ94X5BQ4;
				GENERATE_INFOPLIST_FILE = YES;
				MARKETING_VERSION = 1.0;
				PRODUCT_BUNDLE_IDENTIFIER = in.taket.DocCSampleUITests;
				PRODUCT_NAME = "$(TARGET_NAME)";
				SWIFT_EMIT_LOC_STRINGS = NO;
				SWIFT_VERSION = 5.0;
				TARGETED_DEVICE_FAMILY = "1,2";
				TEST_TARGET_NAME = DocCSample;
			};
			name = Debug;
		};
		CD238060285A3C2600A036C8 /* Release */ = {
			isa = XCBuildConfiguration;
			buildSettings = {
				ALWAYS_EMBED_SWIFT_STANDARD_LIBRARIES = YES;
				CODE_SIGN_STYLE = Automatic;
				CURRENT_PROJECT_VERSION = 1;
				DEVELOPMENT_TEAM = TWQ94X5BQ4;
				GENERATE_INFOPLIST_FILE = YES;
				MARKETING_VERSION = 1.0;
				PRODUCT_BUNDLE_IDENTIFIER = in.taket.DocCSampleUITests;
				PRODUCT_NAME = "$(TARGET_NAME)";
				SWIFT_EMIT_LOC_STRINGS = NO;
				SWIFT_VERSION = 5.0;
				TARGETED_DEVICE_FAMILY = "1,2";
				TEST_TARGET_NAME = DocCSample;
			};
			name = Release;
		};
/* End XCBuildConfiguration section */

/* Begin XCConfigurationList section */
		CD23802F285A3C2500A036C8 /* Build configuration list for PBXProject "DocCSample" */ = {
			isa = XCConfigurationList;
			buildConfigurations = (
				CD238056285A3C2600A036C8 /* Debug */,
				CD238057285A3C2600A036C8 /* Release */,
			);
			defaultConfigurationIsVisible = 0;
			defaultConfigurationName = Release;
		};
		CD238058285A3C2600A036C8 /* Build configuration list for PBXNativeTarget "DocCSample" */ = {
			isa = XCConfigurationList;
			buildConfigurations = (
				CD238059285A3C2600A036C8 /* Debug */,
				CD23805A285A3C2600A036C8 /* Release */,
			);
			defaultConfigurationIsVisible = 0;
			defaultConfigurationName = Release;
		};
		CD23805B285A3C2600A036C8 /* Build configuration list for PBXNativeTarget "DocCSampleTests" */ = {
			isa = XCConfigurationList;
			buildConfigurations = (
				CD23805C285A3C2600A036C8 /* Debug */,
				CD23805D285A3C2600A036C8 /* Release */,
			);
			defaultConfigurationIsVisible = 0;
			defaultConfigurationName = Release;
		};
		CD23805E285A3C2600A036C8 /* Build configuration list for PBXNativeTarget "DocCSampleUITests" */ = {
			isa = XCConfigurationList;
			buildConfigurations = (
				CD23805F285A3C2600A036C8 /* Debug */,
				CD238060285A3C2600A036C8 /* Release */,
			);
			defaultConfigurationIsVisible = 0;
			defaultConfigurationName = Release;
		};
/* End XCConfigurationList section */
	};
	rootObject = CD23802C285A3C2500A036C8 /* Project object */;
}
